
Microsoft Visual Studio Solution File, Format Version 12.00
# Visual Studio Version 16
VisualStudioVersion = 16.0.33927.289
MinimumVisualStudioVersion = 10.0.40219.1
Project("{2150E333-8FDC-42A3-9474-1A3956D46DE8}") = "Task0", "Task0", "{97ADB97B-1B7D-495E-B58B-024B71BE677C}"
EndProject
Project("{FAE04EC0-301F-11D3-BF4B-00C04F79EFBC}") = "Tyuiu.GrigorevKU.Sprint0.Task0.V0", "Tyuiu.GrigorevKU.Sprint0.Task0.V0\Tyuiu.GrigorevKU.Sprint0.Task0.V0.csproj", "{A260F810-BE77-467F-A455-F473208F9ABD}"
EndProject
Project("{2150E333-8FDC-42A3-9474-1A3956D46DE8}") = "Task1", "Task1", "{5CEA50EB-2CD5-4BF3-AE11-62D9E0C50629}"
EndProject
Project("{FAE04EC0-301F-11D3-BF4B-00C04F79EFBC}") = "Tyuiu.GrigorevKU.Sprint0.Task1.V0", "Tyuiu.GrigorevKU.Sprint0.Task1.V0\Tyuiu.GrigorevKU.Sprint0.Task1.V0.csproj", "{E0792124-516B-42D3-94D8-110867B48B9F}"
EndProject
Project("{2150E333-8FDC-42A3-9474-1A3956D46DE8}") = "Task2", "Task2", "{7E76F0D5-0B07-4A89-AB7C-DC9E770F42A5}"
EndProject
Project("{FAE04EC0-301F-11D3-BF4B-00C04F79EFBC}") = "Tyuiu.GrigorevKU.Sprint0.Task2.V0", "Tyuiu.GrigorevKU.Sprint0.Task2.V0\Tyuiu.GrigorevKU.Sprint0.Task2.V0.csproj", "{A80A54CD-BE24-4F56-86D3-418321D31C5C}"
EndProject
Project("{FAE04EC0-301F-11D3-BF4B-00C04F79EFBC}") = "Tyuiu.GrigorevKU.Sprint0.Task2.V0.Lib", "Tyuiu.GrigorevKU.Sprint0.Task2.V0.Lib\Tyuiu.GrigorevKU.Sprint0.Task2.V0.Lib.csproj", "{2C600599-1583-472C-97A7-F330BEFDA1B2}"
EndProject
Project("{FAE04EC0-301F-11D3-BF4B-00C04F79EFBC}") = "Tyuiu.GrigorevKU.Sprint0.Task2.V0.Test", "Tyuiu.GrigorevKU.Sprint0.Task2.V0.Test\Tyuiu.GrigorevKU.Sprint0.Task2.V0.Test.csproj", "{15F312C4-F7AE-45D1-AB8D-7AFD56350D64}"
EndProject
Project("{2150E333-8FDC-42A3-9474-1A3956D46DE8}") = "Task3", "Task3", "{3342BC7D-957D-4214-B73D-298BBBC06010}"
EndProject
Project("{FAE04EC0-301F-11D3-BF4B-00C04F79EFBC}") = "Tyuiu.GrigorevKU.Sprint0.Task3.V0", "Tyuiu.GrigorevKU.Sprint0.Task3.V0\Tyuiu.GrigorevKU.Sprint0.Task3.V0.csproj", "{E35DA4E1-7FAB-498E-B9D1-6B1FB252A84F}"
EndProject
Project("{FAE04EC0-301F-11D3-BF4B-00C04F79EFBC}") = "Tyuiu.GrigorevKU.Sprint0.Task3.V0.Lib", "Tyuiu.GrigorevKU.Sprint0.Task3.V0.Lib\Tyuiu.GrigorevKU.Sprint0.Task3.V0.Lib.csproj", "{7B67710B-7946-4719-B4CF-D319945D4447}"
EndProject
Project("{FAE04EC0-301F-11D3-BF4B-00C04F79EFBC}") = "Tyuiu.GrigorevKU.Sprint0.Task3.V0.Test", "Tyuiu.GrigorevKU.Sprint0.Task3.V0.Test\Tyuiu.GrigorevKU.Sprint0.Task3.V0.Test.csproj", "{116B8A10-3B5B-45FB-9460-C3837CC48A63}"
EndProject
Project("{2150E333-8FDC-42A3-9474-1A3956D46DE8}") = "Task4", "Task4", "{22213BA7-DC7A-419D-B502-9FC0B134DCBB}"
EndProject
Project("{FAE04EC0-301F-11D3-BF4B-00C04F79EFBC}") = "Tyuiu.GrigorevKU.Sprint0.Task4.V0.Test", "Tyuiu.GrigorevKU.Sprint0.Task4.V0.Test\Tyuiu.GrigorevKU.Sprint0.Task4.V0.Test.csproj", "{C4F01CA8-36D1-456A-BB9D-AF235099CFBB}"
EndProject
Project("{FAE04EC0-301F-11D3-BF4B-00C04F79EFBC}") = "Tyuiu.GrigorevKU.Sprint0.Task4.V0.Lib", "Tyuiu.GrigorevKU.Sprint0.Task4.V0.Lib\Tyuiu.GrigorevKU.Sprint0.Task4.V0.Lib.csproj", "{00DF1EF1-46D5-44AC-A608-AE3F2C9A0664}"
EndProject
Project("{FAE04EC0-301F-11D3-BF4B-00C04F79EFBC}") = "Tyuiu.GrigorevKU.Sprint0.Task4.V0", "Tyuiu.GrigorevKU.Sprint0.Task4.V0\Tyuiu.GrigorevKU.Sprint0.Task4.V0.csproj", "{1B44FA10-37B9-425C-B7C6-72D402F9C694}"
EndProject
Project("{2150E333-8FDC-42A3-9474-1A3956D46DE8}") = "Task5", "Task5", "{45410AAB-3197-41C2-A32B-C09FBA3B569D}"
EndProject
Project("{FAE04EC0-301F-11D3-BF4B-00C04F79EFBC}") = "Tyuiu.GrigorevKU.Sprint0.Task5.V0.Test", "Tyuiu.GrigorevKU.Sprint0.Task5.V0.Test\Tyuiu.GrigorevKU.Sprint0.Task5.V0.Test.csproj", "{84A15D5B-0AA9-4DFE-9015-539C94618816}"
EndProject
Project("{FAE04EC0-301F-11D3-BF4B-00C04F79EFBC}") = "Tyuiu.GrigorevKU.Sprint0.Task5.V0.Lib", "Tyuiu.GrigorevKU.Sprint0.Task5.V0.Lib\Tyuiu.GrigorevKU.Sprint0.Task5.V0.Lib.csproj", "{B6035EAC-3A6B-4A39-8E22-140B33C645BB}"
EndProject
Project("{FAE04EC0-301F-11D3-BF4B-00C04F79EFBC}") = "Tyuiu.GrigorevKU.Sprint0.Task5.V0", "Tyuiu.GrigorevKU.Sprint0.Task5.V0\Tyuiu.GrigorevKU.Sprint0.Task5.V0.csproj", "{17DC2FA7-9F39-486E-AF97-BE6026322374}"
EndProject
Project("{2150E333-8FDC-42A3-9474-1A3956D46DE8}") = "Task6", "Task6", "{A33D8275-EECF-41B5-BECE-7D39A105F549}"
EndProject
Project("{FAE04EC0-301F-11D3-BF4B-00C04F79EFBC}") = "Tyuiu.GrigorevKU.Sprint0.Task6.V0.Test", "Tyuiu.GrigorevKU.Sprint0.Task6.V0.Test\Tyuiu.GrigorevKU.Sprint0.Task6.V0.Test.csproj", "{ED79DCC4-273A-4698-B4CA-C0FE670814E4}"
EndProject
Project("{FAE04EC0-301F-11D3-BF4B-00C04F79EFBC}") = "Tyuiu.GrigorevKU.Sprint0.Task6.V0.Lib", "Tyuiu.GrigorevKU.Sprint0.Task6.V0.Lib\Tyuiu.GrigorevKU.Sprint0.Task6.V0.Lib.csproj", "{CC8FCD40-C3C6-4E65-AEAD-923EC9D2EC1E}"
EndProject
Project("{FAE04EC0-301F-11D3-BF4B-00C04F79EFBC}") = "Tyuiu.GrigorevKU.Sprint0.Task6.V0", "Tyuiu.GrigorevKU.Sprint0.Task6.V0\Tyuiu.GrigorevKU.Sprint0.Task6.V0.csproj", "{715BE931-5A1D-4F5C-829A-0B29B3CC47A2}"
EndProject
Project("{2150E333-8FDC-42A3-9474-1A3956D46DE8}") = "Task7", "Task7", "{5C68B4A3-4AD4-404F-B4C6-D843DFC9C4EF}"
EndProject
Project("{FAE04EC0-301F-11D3-BF4B-00C04F79EFBC}") = "Tyuiu.GrigorevKU.Sprint0.Task7.V0.Test", "Tyuiu.GrigorevKU.Sprint0.Task7.V0.Test\Tyuiu.GrigorevKU.Sprint0.Task7.V0.Test.csproj", "{819D83C2-5AA7-424B-90AA-F37BAA84A022}"
EndProject
Project("{FAE04EC0-301F-11D3-BF4B-00C04F79EFBC}") = "Tyuiu.GrigorevKU.Sprint0.Task7.V0.Lib", "Tyuiu.GrigorevKU.Sprint0.Task7.V0.Lib\Tyuiu.GrigorevKU.Sprint0.Task7.V0.Lib.csproj", "{DE32AA42-A6EA-4A4C-9297-C8BAF35FFF3D}"
EndProject
Project("{FAE04EC0-301F-11D3-BF4B-00C04F79EFBC}") = "Tyuiu.GrigorevKU.Sprint0.Task7.V0", "Tyuiu.GrigorevKU.Sprint0.Task7.V0\Tyuiu.GrigorevKU.Sprint0.Task7.V0.csproj", "{95B5247D-6564-4875-A11C-4B84F057A9DC}"
EndProject
Global
	GlobalSection(SolutionConfigurationPlatforms) = preSolution
		Debug|Any CPU = Debug|Any CPU
		Release|Any CPU = Release|Any CPU
	EndGlobalSection
	GlobalSection(ProjectConfigurationPlatforms) = postSolution
		{A260F810-BE77-467F-A455-F473208F9ABD}.Debug|Any CPU.ActiveCfg = Debug|Any CPU
		{A260F810-BE77-467F-A455-F473208F9ABD}.Debug|Any CPU.Build.0 = Debug|Any CPU
		{A260F810-BE77-467F-A455-F473208F9ABD}.Release|Any CPU.ActiveCfg = Release|Any CPU
		{A260F810-BE77-467F-A455-F473208F9ABD}.Release|Any CPU.Build.0 = Release|Any CPU
		{E0792124-516B-42D3-94D8-110867B48B9F}.Debug|Any CPU.ActiveCfg = Debug|Any CPU
		{E0792124-516B-42D3-94D8-110867B48B9F}.Debug|Any CPU.Build.0 = Debug|Any CPU
		{E0792124-516B-42D3-94D8-110867B48B9F}.Release|Any CPU.ActiveCfg = Release|Any CPU
		{E0792124-516B-42D3-94D8-110867B48B9F}.Release|Any CPU.Build.0 = Release|Any CPU
		{A80A54CD-BE24-4F56-86D3-418321D31C5C}.Debug|Any CPU.ActiveCfg = Debug|Any CPU
		{A80A54CD-BE24-4F56-86D3-418321D31C5C}.Debug|Any CPU.Build.0 = Debug|Any CPU
		{A80A54CD-BE24-4F56-86D3-418321D31C5C}.Release|Any CPU.ActiveCfg = Release|Any CPU
		{A80A54CD-BE24-4F56-86D3-418321D31C5C}.Release|Any CPU.Build.0 = Release|Any CPU
		{2C600599-1583-472C-97A7-F330BEFDA1B2}.Debug|Any CPU.ActiveCfg = Debug|Any CPU
		{2C600599-1583-472C-97A7-F330BEFDA1B2}.Debug|Any CPU.Build.0 = Debug|Any CPU
		{2C600599-1583-472C-97A7-F330BEFDA1B2}.Release|Any CPU.ActiveCfg = Release|Any CPU
		{2C600599-1583-472C-97A7-F330BEFDA1B2}.Release|Any CPU.Build.0 = Release|Any CPU
		{15F312C4-F7AE-45D1-AB8D-7AFD56350D64}.Debug|Any CPU.ActiveCfg = Debug|Any CPU
		{15F312C4-F7AE-45D1-AB8D-7AFD56350D64}.Debug|Any CPU.Build.0 = Debug|Any CPU
		{15F312C4-F7AE-45D1-AB8D-7AFD56350D64}.Release|Any CPU.ActiveCfg = Release|Any CPU
		{15F312C4-F7AE-45D1-AB8D-7AFD56350D64}.Release|Any CPU.Build.0 = Release|Any CPU
		{E35DA4E1-7FAB-498E-B9D1-6B1FB252A84F}.Debug|Any CPU.ActiveCfg = Debug|Any CPU
		{E35DA4E1-7FAB-498E-B9D1-6B1FB252A84F}.Debug|Any CPU.Build.0 = Debug|Any CPU
		{E35DA4E1-7FAB-498E-B9D1-6B1FB252A84F}.Release|Any CPU.ActiveCfg = Release|Any CPU
		{E35DA4E1-7FAB-498E-B9D1-6B1FB252A84F}.Release|Any CPU.Build.0 = Release|Any CPU
		{7B67710B-7946-4719-B4CF-D319945D4447}.Debug|Any CPU.ActiveCfg = Debug|Any CPU
		{7B67710B-7946-4719-B4CF-D319945D4447}.Debug|Any CPU.Build.0 = Debug|Any CPU
		{7B67710B-7946-4719-B4CF-D319945D4447}.Release|Any CPU.ActiveCfg = Release|Any CPU
		{7B67710B-7946-4719-B4CF-D319945D4447}.Release|Any CPU.Build.0 = Release|Any CPU
		{116B8A10-3B5B-45FB-9460-C3837CC48A63}.Debug|Any CPU.ActiveCfg = Debug|Any CPU
		{116B8A10-3B5B-45FB-9460-C3837CC48A63}.Debug|Any CPU.Build.0 = Debug|Any CPU
		{116B8A10-3B5B-45FB-9460-C3837CC48A63}.Release|Any CPU.ActiveCfg = Release|Any CPU
		{116B8A10-3B5B-45FB-9460-C3837CC48A63}.Release|Any CPU.Build.0 = Release|Any CPU
		{C4F01CA8-36D1-456A-BB9D-AF235099CFBB}.Debug|Any CPU.ActiveCfg = Debug|Any CPU
		{C4F01CA8-36D1-456A-BB9D-AF235099CFBB}.Debug|Any CPU.Build.0 = Debug|Any CPU
		{C4F01CA8-36D1-456A-BB9D-AF235099CFBB}.Release|Any CPU.ActiveCfg = Release|Any CPU
		{C4F01CA8-36D1-456A-BB9D-AF235099CFBB}.Release|Any CPU.Build.0 = Release|Any CPU
		{00DF1EF1-46D5-44AC-A608-AE3F2C9A0664}.Debug|Any CPU.ActiveCfg = Debug|Any CPU
		{00DF1EF1-46D5-44AC-A608-AE3F2C9A0664}.Debug|Any CPU.Build.0 = Debug|Any CPU
		{00DF1EF1-46D5-44AC-A608-AE3F2C9A0664}.Release|Any CPU.ActiveCfg = Release|Any CPU
		{00DF1EF1-46D5-44AC-A608-AE3F2C9A0664}.Release|Any CPU.Build.0 = Release|Any CPU
		{1B44FA10-37B9-425C-B7C6-72D402F9C694}.Debug|Any CPU.ActiveCfg = Debug|Any CPU
		{1B44FA10-37B9-425C-B7C6-72D402F9C694}.Debug|Any CPU.Build.0 = Debug|Any CPU
		{1B44FA10-37B9-425C-B7C6-72D402F9C694}.Release|Any CPU.ActiveCfg = Release|Any CPU
		{1B44FA10-37B9-425C-B7C6-72D402F9C694}.Release|Any CPU.Build.0 = Release|Any CPU
		{84A15D5B-0AA9-4DFE-9015-539C94618816}.Debug|Any CPU.ActiveCfg = Debug|Any CPU
		{84A15D5B-0AA9-4DFE-9015-539C94618816}.Debug|Any CPU.Build.0 = Debug|Any CPU
		{84A15D5B-0AA9-4DFE-9015-539C94618816}.Release|Any CPU.ActiveCfg = Release|Any CPU
		{84A15D5B-0AA9-4DFE-9015-539C94618816}.Release|Any CPU.Build.0 = Release|Any CPU
		{B6035EAC-3A6B-4A39-8E22-140B33C645BB}.Debug|Any CPU.ActiveCfg = Debug|Any CPU
		{B6035EAC-3A6B-4A39-8E22-140B33C645BB}.Debug|Any CPU.Build.0 = Debug|Any CPU
		{B6035EAC-3A6B-4A39-8E22-140B33C645BB}.Release|Any CPU.ActiveCfg = Release|Any CPU
		{B6035EAC-3A6B-4A39-8E22-140B33C645BB}.Release|Any CPU.Build.0 = Release|Any CPU
		{17DC2FA7-9F39-486E-AF97-BE6026322374}.Debug|Any CPU.ActiveCfg = Debug|Any CPU
		{17DC2FA7-9F39-486E-AF97-BE6026322374}.Debug|Any CPU.Build.0 = Debug|Any CPU
		{17DC2FA7-9F39-486E-AF97-BE6026322374}.Release|Any CPU.ActiveCfg = Release|Any CPU
		{17DC2FA7-9F39-486E-AF97-BE6026322374}.Release|Any CPU.Build.0 = Release|Any CPU
		{ED79DCC4-273A-4698-B4CA-C0FE670814E4}.Debug|Any CPU.ActiveCfg = Debug|Any CPU
		{ED79DCC4-273A-4698-B4CA-C0FE670814E4}.Debug|Any CPU.Build.0 = Debug|Any CPU
		{ED79DCC4-273A-4698-B4CA-C0FE670814E4}.Release|Any CPU.ActiveCfg = Release|Any CPU
		{ED79DCC4-273A-4698-B4CA-C0FE670814E4}.Release|Any CPU.Build.0 = Release|Any CPU
		{CC8FCD40-C3C6-4E65-AEAD-923EC9D2EC1E}.Debug|Any CPU.ActiveCfg = Debug|Any CPU
		{CC8FCD40-C3C6-4E65-AEAD-923EC9D2EC1E}.Debug|Any CPU.Build.0 = Debug|Any CPU
		{CC8FCD40-C3C6-4E65-AEAD-923EC9D2EC1E}.Release|Any CPU.ActiveCfg = Release|Any CPU
		{CC8FCD40-C3C6-4E65-AEAD-923EC9D2EC1E}.Release|Any CPU.Build.0 = Release|Any CPU
		{715BE931-5A1D-4F5C-829A-0B29B3CC47A2}.Debug|Any CPU.ActiveCfg = Debug|Any CPU
		{715BE931-5A1D-4F5C-829A-0B29B3CC47A2}.Debug|Any CPU.Build.0 = Debug|Any CPU
		{715BE931-5A1D-4F5C-829A-0B29B3CC47A2}.Release|Any CPU.ActiveCfg = Release|Any CPU
		{715BE931-5A1D-4F5C-829A-0B29B3CC47A2}.Release|Any CPU.Build.0 = Release|Any CPU
		{819D83C2-5AA7-424B-90AA-F37BAA84A022}.Debug|Any CPU.ActiveCfg = Debug|Any CPU
		{819D83C2-5AA7-424B-90AA-F37BAA84A022}.Debug|Any CPU.Build.0 = Debug|Any CPU
		{819D83C2-5AA7-424B-90AA-F37BAA84A022}.Release|Any CPU.ActiveCfg = Release|Any CPU
		{819D83C2-5AA7-424B-90AA-F37BAA84A022}.Release|Any CPU.Build.0 = Release|Any CPU
		{DE32AA42-A6EA-4A4C-9297-C8BAF35FFF3D}.Debug|Any CPU.ActiveCfg = Debug|Any CPU
		{DE32AA42-A6EA-4A4C-9297-C8BAF35FFF3D}.Debug|Any CPU.Build.0 = Debug|Any CPU
		{DE32AA42-A6EA-4A4C-9297-C8BAF35FFF3D}.Release|Any CPU.ActiveCfg = Release|Any CPU
		{DE32AA42-A6EA-4A4C-9297-C8BAF35FFF3D}.Release|Any CPU.Build.0 = Release|Any CPU
		{95B5247D-6564-4875-A11C-4B84F057A9DC}.Debug|Any CPU.ActiveCfg = Debug|Any CPU
		{95B5247D-6564-4875-A11C-4B84F057A9DC}.Debug|Any CPU.Build.0 = Debug|Any CPU
		{95B5247D-6564-4875-A11C-4B84F057A9DC}.Release|Any CPU.ActiveCfg = Release|Any CPU
		{95B5247D-6564-4875-A11C-4B84F057A9DC}.Release|Any CPU.Build.0 = Release|Any CPU
	EndGlobalSection
	GlobalSection(SolutionProperties) = preSolution
		HideSolutionNode = FALSE
	EndGlobalSection
	GlobalSection(NestedProjects) = preSolution
		{A260F810-BE77-467F-A455-F473208F9ABD} = {97ADB97B-1B7D-495E-B58B-024B71BE677C}
		{E0792124-516B-42D3-94D8-110867B48B9F} = {5CEA50EB-2CD5-4BF3-AE11-62D9E0C50629}
		{A80A54CD-BE24-4F56-86D3-418321D31C5C} = {7E76F0D5-0B07-4A89-AB7C-DC9E770F42A5}
		{2C600599-1583-472C-97A7-F330BEFDA1B2} = {7E76F0D5-0B07-4A89-AB7C-DC9E770F42A5}
		{15F312C4-F7AE-45D1-AB8D-7AFD56350D64} = {7E76F0D5-0B07-4A89-AB7C-DC9E770F42A5}
		{E35DA4E1-7FAB-498E-B9D1-6B1FB252A84F} = {3342BC7D-957D-4214-B73D-298BBBC06010}
		{7B67710B-7946-4719-B4CF-D319945D4447} = {3342BC7D-957D-4214-B73D-298BBBC06010}
		{116B8A10-3B5B-45FB-9460-C3837CC48A63} = {3342BC7D-957D-4214-B73D-298BBBC06010}
		{C4F01CA8-36D1-456A-BB9D-AF235099CFBB} = {22213BA7-DC7A-419D-B502-9FC0B134DCBB}
		{00DF1EF1-46D5-44AC-A608-AE3F2C9A0664} = {22213BA7-DC7A-419D-B502-9FC0B134DCBB}
		{1B44FA10-37B9-425C-B7C6-72D402F9C694} = {22213BA7-DC7A-419D-B502-9FC0B134DCBB}
		{84A15D5B-0AA9-4DFE-9015-539C94618816} = {45410AAB-3197-41C2-A32B-C09FBA3B569D}
		{B6035EAC-3A6B-4A39-8E22-140B33C645BB} = {45410AAB-3197-41C2-A32B-C09FBA3B569D}
		{17DC2FA7-9F39-486E-AF97-BE6026322374} = {45410AAB-3197-41C2-A32B-C09FBA3B569D}
		{ED79DCC4-273A-4698-B4CA-C0FE670814E4} = {A33D8275-EECF-41B5-BECE-7D39A105F549}
		{CC8FCD40-C3C6-4E65-AEAD-923EC9D2EC1E} = {A33D8275-EECF-41B5-BECE-7D39A105F549}
		{715BE931-5A1D-4F5C-829A-0B29B3CC47A2} = {A33D8275-EECF-41B5-BECE-7D39A105F549}
		{819D83C2-5AA7-424B-90AA-F37BAA84A022} = {5C68B4A3-4AD4-404F-B4C6-D843DFC9C4EF}
		{DE32AA42-A6EA-4A4C-9297-C8BAF35FFF3D} = {5C68B4A3-4AD4-404F-B4C6-D843DFC9C4EF}
		{95B5247D-6564-4875-A11C-4B84F057A9DC} = {5C68B4A3-4AD4-404F-B4C6-D843DFC9C4EF}
	EndGlobalSection
	GlobalSection(ExtensibilityGlobals) = postSolution
		SolutionGuid = {404C957C-E889-4153-96D6-C63C55C4F72E}
	EndGlobalSection
EndGlobal
