
Microsoft Visual Studio Solution File, Format Version 12.00
# Visual Studio Version 16
VisualStudioVersion = 16.0.33927.289
MinimumVisualStudioVersion = 10.0.40219.1
Project("{2150E333-8FDC-42A3-9474-1A3956D46DE8}") = "Task0", "Task0", "{97ADB97B-1B7D-495E-B58B-024B71BE677C}"
EndProject
Project("{FAE04EC0-301F-11D3-BF4B-00C04F79EFBC}") = "Tyuiu.GrigorevKU.Sprint0.Task0.V0", "Tyuiu.GrigorevKU.Sprint0.Task0.V0\Tyuiu.GrigorevKU.Sprint0.Task0.V0.csproj", "{A260F810-BE77-467F-A455-F473208F9ABD}"
EndProject
Project("{2150E333-8FDC-42A3-9474-1A3956D46DE8}") = "Task1", "Task1", "{5CEA50EB-2CD5-4BF3-AE11-62D9E0C50629}"
EndProject
Project("{FAE04EC0-301F-11D3-BF4B-00C04F79EFBC}") = "Tyuiu.GrigorevKU.Sprint0.Task1.V0", "Tyuiu.GrigorevKU.Sprint0.Task1.V0\Tyuiu.GrigorevKU.Sprint0.Task1.V0.csproj", "{E0792124-516B-42D3-94D8-110867B48B9F}"
EndProject
Project("{2150E333-8FDC-42A3-9474-1A3956D46DE8}") = "Task2", "Task2", "{7E76F0D5-0B07-4A89-AB7C-DC9E770F42A5}"
EndProject
Project("{FAE04EC0-301F-11D3-BF4B-00C04F79EFBC}") = "Tyuiu.GrigorevKU.Sprint0.Task2.V0", "Tyuiu.GrigorevKU.Sprint0.Task2.V0\Tyuiu.GrigorevKU.Sprint0.Task2.V0.csproj", "{A80A54CD-BE24-4F56-86D3-418321D31C5C}"
EndProject
Project("{FAE04EC0-301F-11D3-BF4B-00C04F79EFBC}") = "Tyuiu.GrigorevKU.Sprint0.Task2.V0.Lib", "Tyuiu.GrigorevKU.Sprint0.Task2.V0.Lib\Tyuiu.GrigorevKU.Sprint0.Task2.V0.Lib.csproj", "{2C600599-1583-472C-97A7-F330BEFDA1B2}"
EndProject
Project("{FAE04EC0-301F-11D3-BF4B-00C04F79EFBC}") = "Tyuiu.GrigorevKU.Sprint0.Task2.V0.Test", "Tyuiu.GrigorevKU.Sprint0.Task2.V0.Test\Tyuiu.GrigorevKU.Sprint0.Task2.V0.Test.csproj", "{15F312C4-F7AE-45D1-AB8D-7AFD56350D64}"
EndProject
Project("{2150E333-8FDC-42A3-9474-1A3956D46DE8}") = "Task3", "Task3", "{3342BC7D-957D-4214-B73D-298BBBC06010}"
EndProject
Project("{FAE04EC0-301F-11D3-BF4B-00C04F79EFBC}") = "Tyuiu.GrigorevKU.Sprint0.Task3.V0", "Tyuiu.GrigorevKU.Sprint0.Task3.V0\Tyuiu.GrigorevKU.Sprint0.Task3.V0.csproj", "{E35DA4E1-7FAB-498E-B9D1-6B1FB252A84F}"
EndProject
Project("{FAE04EC0-301F-11D3-BF4B-00C04F79EFBC}") = "Tyuiu.GrigorevKU.Sprint0.Task3.V0.Lib", "Tyuiu.GrigorevKU.Sprint0.Task3.V0.Lib\Tyuiu.GrigorevKU.Sprint0.Task3.V0.Lib.csproj", "{7B67710B-7946-4719-B4CF-D319945D4447}"
EndProject
Project("{FAE04EC0-301F-11D3-BF4B-00C04F79EFBC}") = "Tyuiu.GrigorevKU.Sprint0.Task3.V0.Test", "Tyuiu.GrigorevKU.Sprint0.Task3.V0.Test\Tyuiu.GrigorevKU.Sprint0.Task3.V0.Test.csproj", "{116B8A10-3B5B-45FB-9460-C3837CC48A63}"
EndProject
Global
	GlobalSection(SolutionConfigurationPlatforms) = preSolution
		Debug|Any CPU = Debug|Any CPU
		Release|Any CPU = Release|Any CPU
	EndGlobalSection
	GlobalSection(ProjectConfigurationPlatforms) = postSolution
		{A260F810-BE77-467F-A455-F473208F9ABD}.Debug|Any CPU.ActiveCfg = Debug|Any CPU
		{A260F810-BE77-467F-A455-F473208F9ABD}.Debug|Any CPU.Build.0 = Debug|Any CPU
		{A260F810-BE77-467F-A455-F473208F9ABD}.Release|Any CPU.ActiveCfg = Release|Any CPU
		{A260F810-BE77-467F-A455-F473208F9ABD}.Release|Any CPU.Build.0 = Release|Any CPU
		{E0792124-516B-42D3-94D8-110867B48B9F}.Debug|Any CPU.ActiveCfg = Debug|Any CPU
		{E0792124-516B-42D3-94D8-110867B48B9F}.Debug|Any CPU.Build.0 = Debug|Any CPU
		{E0792124-516B-42D3-94D8-110867B48B9F}.Release|Any CPU.ActiveCfg = Release|Any CPU
		{E0792124-516B-42D3-94D8-110867B48B9F}.Release|Any CPU.Build.0 = Release|Any CPU
		{A80A54CD-BE24-4F56-86D3-418321D31C5C}.Debug|Any CPU.ActiveCfg = Debug|Any CPU
		{A80A54CD-BE24-4F56-86D3-418321D31C5C}.Debug|Any CPU.Build.0 = Debug|Any CPU
		{A80A54CD-BE24-4F56-86D3-418321D31C5C}.Release|Any CPU.ActiveCfg = Release|Any CPU
		{A80A54CD-BE24-4F56-86D3-418321D31C5C}.Release|Any CPU.Build.0 = Release|Any CPU
		{2C600599-1583-472C-97A7-F330BEFDA1B2}.Debug|Any CPU.ActiveCfg = Debug|Any CPU
		{2C600599-1583-472C-97A7-F330BEFDA1B2}.Debug|Any CPU.Build.0 = Debug|Any CPU
		{2C600599-1583-472C-97A7-F330BEFDA1B2}.Release|Any CPU.ActiveCfg = Release|Any CPU
		{2C600599-1583-472C-97A7-F330BEFDA1B2}.Release|Any CPU.Build.0 = Release|Any CPU
		{15F312C4-F7AE-45D1-AB8D-7AFD56350D64}.Debug|Any CPU.ActiveCfg = Debug|Any CPU
		{15F312C4-F7AE-45D1-AB8D-7AFD56350D64}.Debug|Any CPU.Build.0 = Debug|Any CPU
		{15F312C4-F7AE-45D1-AB8D-7AFD56350D64}.Release|Any CPU.ActiveCfg = Release|Any CPU
		{15F312C4-F7AE-45D1-AB8D-7AFD56350D64}.Release|Any CPU.Build.0 = Release|Any CPU
		{E35DA4E1-7FAB-498E-B9D1-6B1FB252A84F}.Debug|Any CPU.ActiveCfg = Debug|Any CPU
		{E35DA4E1-7FAB-498E-B9D1-6B1FB252A84F}.Debug|Any CPU.Build.0 = Debug|Any CPU
		{E35DA4E1-7FAB-498E-B9D1-6B1FB252A84F}.Release|Any CPU.ActiveCfg = Release|Any CPU
		{E35DA4E1-7FAB-498E-B9D1-6B1FB252A84F}.Release|Any CPU.Build.0 = Release|Any CPU
		{7B67710B-7946-4719-B4CF-D319945D4447}.Debug|Any CPU.ActiveCfg = Debug|Any CPU
		{7B67710B-7946-4719-B4CF-D319945D4447}.Debug|Any CPU.Build.0 = Debug|Any CPU
		{7B67710B-7946-4719-B4CF-D319945D4447}.Release|Any CPU.ActiveCfg = Release|Any CPU
		{7B67710B-7946-4719-B4CF-D319945D4447}.Release|Any CPU.Build.0 = Release|Any CPU
		{116B8A10-3B5B-45FB-9460-C3837CC48A63}.Debug|Any CPU.ActiveCfg = Debug|Any CPU
		{116B8A10-3B5B-45FB-9460-C3837CC48A63}.Debug|Any CPU.Build.0 = Debug|Any CPU
		{116B8A10-3B5B-45FB-9460-C3837CC48A63}.Release|Any CPU.ActiveCfg = Release|Any CPU
		{116B8A10-3B5B-45FB-9460-C3837CC48A63}.Release|Any CPU.Build.0 = Release|Any CPU
	EndGlobalSection
	GlobalSection(SolutionProperties) = preSolution
		HideSolutionNode = FALSE
	EndGlobalSection
	GlobalSection(NestedProjects) = preSolution
		{A260F810-BE77-467F-A455-F473208F9ABD} = {97ADB97B-1B7D-495E-B58B-024B71BE677C}
		{E0792124-516B-42D3-94D8-110867B48B9F} = {5CEA50EB-2CD5-4BF3-AE11-62D9E0C50629}
		{A80A54CD-BE24-4F56-86D3-418321D31C5C} = {7E76F0D5-0B07-4A89-AB7C-DC9E770F42A5}
		{2C600599-1583-472C-97A7-F330BEFDA1B2} = {7E76F0D5-0B07-4A89-AB7C-DC9E770F42A5}
		{15F312C4-F7AE-45D1-AB8D-7AFD56350D64} = {7E76F0D5-0B07-4A89-AB7C-DC9E770F42A5}
		{E35DA4E1-7FAB-498E-B9D1-6B1FB252A84F} = {3342BC7D-957D-4214-B73D-298BBBC06010}
		{7B67710B-7946-4719-B4CF-D319945D4447} = {3342BC7D-957D-4214-B73D-298BBBC06010}
		{116B8A10-3B5B-45FB-9460-C3837CC48A63} = {3342BC7D-957D-4214-B73D-298BBBC06010}
	EndGlobalSection
	GlobalSection(ExtensibilityGlobals) = postSolution
		SolutionGuid = {404C957C-E889-4153-96D6-C63C55C4F72E}
	EndGlobalSection
EndGlobal
